{
  "nodes": {
    "nixpkgs": {
      "locked": {
        "lastModified": 1652059086,
        "narHash": "sha256-CjHSbr6LSFkN4YBdTB6+8ZQmSqhsbiXqAeQ9hQJ/gBI=",
        "owner": "NixOS",
        "repo": "nixpkgs",
        "rev": "934e076a441e318897aa17540f6cf7caadc69028",
        "type": "github"
      },
      "original": {
        "id": "nixpkgs",
        "type": "indirect"
      }
    },
    "root": {
      "inputs": {
        "nixpkgs": "nixpkgs",
        "tennis-data": "tennis-data"
      }
    },
    "tennis-data": {
      "flake": false,
      "locked": {
        "lastModified": 1651742373,
        "narHash": "sha256-kiwz0C2NF7DOpycY1RDVofLoqNp0XZgas/5QSChDFF0=",
        "owner": "JeffSackmann",
        "repo": "tennis_atp",
        "rev": "078c51a31a5577798961bc3eed71fa29b8b60bfa",
        "type": "github"
      },
      "original": {
        "owner": "JeffSackmann",
        "repo": "tennis_atp",
        "type": "github"
      }
    }
  },
  "root": "root",
  "version": 7
}
